
Microsoft Visual Studio Solution File, Format Version 12.00
# Visual Studio Version 16
VisualStudioVersion = 16.0.30509.190
MinimumVisualStudioVersion = 10.0.40219.1
Project("{FAE04EC0-301F-11D3-BF4B-00C04F79EFBC}") = "NxCertDump", "NxCertDump\NxCertDump.csproj", "{5B59B460-665B-456C-B062-107CF09BDBD4}"
EndProject
Global
	GlobalSection(SolutionConfigurationPlatforms) = preSolution
		Debug|Any CPU = Debug|Any CPU
		Release|Any CPU = Release|Any CPU
	EndGlobalSection
	GlobalSection(ProjectConfigurationPlatforms) = postSolution
		{5B59B460-665B-456C-B062-107CF09BDBD4}.Debug|Any CPU.ActiveCfg = Debug|Any CPU
		{5B59B460-665B-456C-B062-107CF09BDBD4}.Debug|Any CPU.Build.0 = Debug|Any CPU
		{5B59B460-665B-456C-B062-107CF09BDBD4}.Release|Any CPU.ActiveCfg = Release|Any CPU
		{5B59B460-665B-456C-B062-107CF09BDBD4}.Release|Any CPU.Build.0 = Release|Any CPU
	EndGlobalSection
	GlobalSection(SolutionProperties) = preSolution
		HideSolutionNode = FALSE
	EndGlobalSection
	GlobalSection(ExtensibilityGlobals) = postSolution
		SolutionGuid = {05221BA6-314F-4FBD-8CBF-F939E911EC24}
	EndGlobalSection
EndGlobal
